
Microsoft Visual Studio Solution File, Format Version 12.00
# Visual Studio 14
VisualStudioVersion = 14.0.25420.1
MinimumVisualStudioVersion = 10.0.40219.1
Project("{FAE04EC0-301F-11D3-BF4B-00C04F79EFBC}") = "WeatherMapping", "WeatherMapping\WeatherMapping.csproj", "{9B1B3B53-5B0D-4686-8B7C-70A7D6E79FB4}"
EndProject
Project("{FAE04EC0-301F-11D3-BF4B-00C04F79EFBC}") = "WeatherMappingTests", "WeatherMappingTests\WeatherMappingTests.csproj", "{B867DEA9-758F-4EF6-A7CF-30DAA8C38939}"
EndProject
Project("{FAE04EC0-301F-11D3-BF4B-00C04F79EFBC}") = "ProgramExecutor", "Program\ProgramExecutor.csproj", "{C9BB0FDB-080E-47FE-ACD7-FF0D0CA74BE2}"
EndProject
Global
	GlobalSection(SolutionConfigurationPlatforms) = preSolution
		Debug|Any CPU = Debug|Any CPU
		Release|Any CPU = Release|Any CPU
	EndGlobalSection
	GlobalSection(ProjectConfigurationPlatforms) = postSolution
		{9B1B3B53-5B0D-4686-8B7C-70A7D6E79FB4}.Debug|Any CPU.ActiveCfg = Debug|Any CPU
		{9B1B3B53-5B0D-4686-8B7C-70A7D6E79FB4}.Debug|Any CPU.Build.0 = Debug|Any CPU
		{9B1B3B53-5B0D-4686-8B7C-70A7D6E79FB4}.Release|Any CPU.ActiveCfg = Release|Any CPU
		{9B1B3B53-5B0D-4686-8B7C-70A7D6E79FB4}.Release|Any CPU.Build.0 = Release|Any CPU
		{B867DEA9-758F-4EF6-A7CF-30DAA8C38939}.Debug|Any CPU.ActiveCfg = Debug|Any CPU
		{B867DEA9-758F-4EF6-A7CF-30DAA8C38939}.Debug|Any CPU.Build.0 = Debug|Any CPU
		{B867DEA9-758F-4EF6-A7CF-30DAA8C38939}.Release|Any CPU.ActiveCfg = Release|Any CPU
		{B867DEA9-758F-4EF6-A7CF-30DAA8C38939}.Release|Any CPU.Build.0 = Release|Any CPU
		{C9BB0FDB-080E-47FE-ACD7-FF0D0CA74BE2}.Debug|Any CPU.ActiveCfg = Debug|Any CPU
		{C9BB0FDB-080E-47FE-ACD7-FF0D0CA74BE2}.Debug|Any CPU.Build.0 = Debug|Any CPU
		{C9BB0FDB-080E-47FE-ACD7-FF0D0CA74BE2}.Release|Any CPU.ActiveCfg = Release|Any CPU
		{C9BB0FDB-080E-47FE-ACD7-FF0D0CA74BE2}.Release|Any CPU.Build.0 = Release|Any CPU
	EndGlobalSection
	GlobalSection(SolutionProperties) = preSolution
		HideSolutionNode = FALSE
	EndGlobalSection
EndGlobal
